<?xml version="1.0" encoding="utf-8"?>
<Project ToolsVersion="4.0" xmlns="http://schemas.microsoft.com/developer/msbuild/2003">
  <ItemGroup>
    <Filter Include="Archivos de origen">
      <UniqueIdentifier>{4FC737F1-C7A5-4376-A066-2A32D752A2FF}</UniqueIdentifier>
      <Extensions>cpp;c;cc;cxx;def;odl;idl;hpj;bat;asm;asmx</Extensions>
    </Filter>
    <Filter Include="Archivos de encabezado">
      <UniqueIdentifier>{93995380-89BD-4b04-88EB-625FBE52EBFB}</UniqueIdentifier>
      <Extensions>h;hh;hpp;hxx;hm;inl;inc;ipp;xsd</Extensions>
    </Filter>
    <Filter Include="Archivos de recursos">
      <UniqueIdentifier>{67DA6AB6-F800-4c08-8B7A-83BB121AAD01}</UniqueIdentifier>
      <Extensions>rc;ico;cur;bmp;dlg;rc2;rct;bin;rgs;gif;jpg;jpeg;jpe;resx;tiff;tif;png;wav;mfcribbon-ms</Extensions>
    </Filter>
    <Filter Include="Archivos de encabezado\pipeline">
      <UniqueIdentifier>{b94a83d9-076c-4909-b382-070203341495}</UniqueIdentifier>
    </Filter>
    <Filter Include="Archivos de origen\pipeline">
      <UniqueIdentifier>{55ed5f9b-ad15-423b-8f06-7e8d3d4ee10e}</UniqueIdentifier>
    </Filter>
    <Filter Include="Archivos de encabezado\CPU">
      <UniqueIdentifier>{dc9b6a79-8ff9-4bad-ae14-274ec38ad5db}</UniqueIdentifier>
    </Filter>
    <Filter Include="Archivos de encabezado\GPU">
      <UniqueIdentifier>{0473fbf2-5ee8-4864-b86f-5bd3bb0a6a73}</UniqueIdentifier>
    </Filter>
    <Filter Include="Archivos de origen\CPU">
      <UniqueIdentifier>{1b62e0f1-c59a-47d5-b7e5-da587fe84570}</UniqueIdentifier>
    </Filter>
    <Filter Include="Archivos de origen\GPU">
      <UniqueIdentifier>{6f5d92d8-2797-47ab-964f-55ae86b560b4}</UniqueIdentifier>
    </Filter>
    <Filter Include="Archivos de encabezado\CPU\memory">
      <UniqueIdentifier>{67f7d0e4-c7a9-4198-9192-dc053723aaf1}</UniqueIdentifier>
    </Filter>
    <Filter Include="Archivos de origen\CPU\memory">
      <UniqueIdentifier>{56ae5d15-9ead-405c-9e70-49a8d27ee78c}</UniqueIdentifier>
    </Filter>
    <Filter Include="Archivos de encabezado\tests">
      <UniqueIdentifier>{49fca1cb-09e8-4fe2-91f2-76176276c316}</UniqueIdentifier>
    </Filter>
    <Filter Include="Archivos de origen\tests">
      <UniqueIdentifier>{0290d527-2cab-49ef-b6af-616bed3df723}</UniqueIdentifier>
    </Filter>
    <Filter Include="Archivos de encabezado\CPU\mesh">
      <UniqueIdentifier>{c812926f-c358-441a-9beb-624f93a22629}</UniqueIdentifier>
    </Filter>
    <Filter Include="Archivos de origen\CPU\mesh">
      <UniqueIdentifier>{22a45604-f676-4de8-904a-8b844ed5e965}</UniqueIdentifier>
    </Filter>
    <Filter Include="Archivos de encabezado\CPU\io">
      <UniqueIdentifier>{6cf719d5-ec27-40d2-b8b2-2663bd6d65da}</UniqueIdentifier>
    </Filter>
    <Filter Include="Archivos de origen\CPU\io">
      <UniqueIdentifier>{c9f63ebd-62d6-403f-8688-1f42ebeb6257}</UniqueIdentifier>
    </Filter>
    <Filter Include="Archivos de encabezado\CPU\io\defaultloaders">
      <UniqueIdentifier>{9ce7d3b7-ba2a-43f4-8a56-c68f4f3d739b}</UniqueIdentifier>
    </Filter>
    <Filter Include="Archivos de origen\CPU\io\defaultloaders">
      <UniqueIdentifier>{bf6fc789-5490-4290-abe2-e7e09a0b7390}</UniqueIdentifier>
    </Filter>
    <Filter Include="Archivos de encabezado\CPU\mesh\meshattributebuilders">
      <UniqueIdentifier>{8b28e0c7-da0a-4a79-a626-52babbf528fd}</UniqueIdentifier>
    </Filter>
    <Filter Include="Archivos de origen\CPU\mesh\meshattributebuilders">
      <UniqueIdentifier>{ab16763a-e75e-4537-8d05-8baed8d66a22}</UniqueIdentifier>
    </Filter>
    <Filter Include="Archivos de encabezado\util">
      <UniqueIdentifier>{a58f5707-5cb2-4490-b2ae-d3e1faeb572f}</UniqueIdentifier>
    </Filter>
    <Filter Include="Archivos de origen\util">
      <UniqueIdentifier>{cd32fbf5-7da1-4c1b-b8fa-3465ddb288ef}</UniqueIdentifier>
    </Filter>
    <Filter Include="Archivos de encabezado\GPU\mesh">
      <UniqueIdentifier>{328aa39f-193d-42c6-92d8-4d8b7c76ab45}</UniqueIdentifier>
    </Filter>
    <Filter Include="Archivos de origen\GPU\mesh">
      <UniqueIdentifier>{3892f729-d88a-4765-97d4-b609267e1909}</UniqueIdentifier>
    </Filter>
    <Filter Include="Archivos de encabezado\components">
      <UniqueIdentifier>{31c855f4-117e-44ab-8202-97eec677c5ba}</UniqueIdentifier>
    </Filter>
    <Filter Include="Archivos de origen\components">
      <UniqueIdentifier>{c97bc8d3-ab75-4727-8c88-8c807dc07a1f}</UniqueIdentifier>
    </Filter>
    <Filter Include="Archivos de encabezado\logger">
      <UniqueIdentifier>{c411e377-3f53-48c5-85c6-d0d03bcc3fe0}</UniqueIdentifier>
    </Filter>
    <Filter Include="Archivos de origen\logger">
      <UniqueIdentifier>{03f8a090-e5ad-4e17-92d3-256032ceefdd}</UniqueIdentifier>
    </Filter>
    <Filter Include="Archivos de encabezado\graphics">
      <UniqueIdentifier>{25af791e-eb20-433a-9056-4152eb3afd85}</UniqueIdentifier>
    </Filter>
    <Filter Include="Archivos de origen\graphics">
      <UniqueIdentifier>{d900a8eb-2d4a-4a48-b02d-91e19eb09ff5}</UniqueIdentifier>
    </Filter>
    <Filter Include="Archivos de encabezado\inputhandlers">
      <UniqueIdentifier>{a4d6562f-2341-4a6e-96ac-9d177228b405}</UniqueIdentifier>
    </Filter>
    <Filter Include="Archivos de origen\inputhandlers">
      <UniqueIdentifier>{c863a3f7-5694-4d8e-9b14-ecc28733eeee}</UniqueIdentifier>
    </Filter>
    <Filter Include="Archivos de encabezado\graphics\defaultwindowhandlers">
      <UniqueIdentifier>{f64ed24f-8b60-4d1c-990e-53a4e02f01af}</UniqueIdentifier>
    </Filter>
    <Filter Include="Archivos de origen\graphics\defaultwindowhandlers">
      <UniqueIdentifier>{19d542ed-d9f2-4718-9bac-96188788ddb3}</UniqueIdentifier>
    </Filter>
    <Filter Include="Archivos de encabezado\pipeline\defaultstages">
      <UniqueIdentifier>{37f3de9a-402c-4b8b-99d8-28f8a01cfaa2}</UniqueIdentifier>
    </Filter>
    <Filter Include="Archivos de origen\pipeline\defaultstages">
      <UniqueIdentifier>{03f7d267-6ff4-4551-bb44-21e20fa7ab91}</UniqueIdentifier>
    </Filter>
    <Filter Include="Archivos de encabezado\render">
      <UniqueIdentifier>{7d8d32ca-6126-431d-9310-752551988a4b}</UniqueIdentifier>
    </Filter>
    <Filter Include="Archivos de encabezado\render\renderstages">
      <UniqueIdentifier>{09f2acb0-661e-4f78-b74b-d38a3b85919a}</UniqueIdentifier>
    </Filter>
    <Filter Include="Archivos de origen\render">
      <UniqueIdentifier>{43ff6a1a-b883-4a69-989c-78dcc819d9ad}</UniqueIdentifier>
    </Filter>
    <Filter Include="Archivos de origen\render\renderstages">
      <UniqueIdentifier>{ffc090f8-7dc6-440f-8ca6-592ae146e76f}</UniqueIdentifier>
    </Filter>
    <Filter Include="Archivos de encabezado\GPU\program">
      <UniqueIdentifier>{87c0b589-cc08-4eee-bd24-d85dfb8a34df}</UniqueIdentifier>
    </Filter>
    <Filter Include="Archivos de encabezado\GPU\program\defaultprograms">
      <UniqueIdentifier>{30841065-97ad-4b96-8541-fcc550b4a47e}</UniqueIdentifier>
    </Filter>
    <Filter Include="Archivos de origen\GPU\program">
      <UniqueIdentifier>{c4b5697c-c144-44e9-93b9-f7ec98e4ff19}</UniqueIdentifier>
    </Filter>
    <Filter Include="Archivos de origen\GPU\program\defaultprograms">
      <UniqueIdentifier>{f2a474bc-5f3b-4dd7-b861-d5d1e2d1c65b}</UniqueIdentifier>
    </Filter>
  </ItemGroup>
  <ItemGroup>
    <ClInclude Include="include\Component.h">
      <Filter>Archivos de encabezado</Filter>
    </ClInclude>
    <ClInclude Include="include\SceneObject.h">
      <Filter>Archivos de encabezado</Filter>
    </ClInclude>
    <ClInclude Include="include\ComponentList.hpp">
      <Filter>Archivos de encabezado</Filter>
    </ClInclude>
    <ClInclude Include="include\Transform.h">
      <Filter>Archivos de encabezado</Filter>
    </ClInclude>
    <ClInclude Include="include\Defines.h">
      <Filter>Archivos de encabezado</Filter>
    </ClInclude>
    <ClInclude Include="include\Scene.h">
      <Filter>Archivos de encabezado</Filter>
    </ClInclude>
    <ClInclude Include="include\pipeline\Pipeline.h">
      <Filter>Archivos de encabezado\pipeline</Filter>
    </ClInclude>
    <ClInclude Include="include\pipeline\PipelineStage.h">
      <Filter>Archivos de encabezado\pipeline</Filter>
    </ClInclude>
    <ClInclude Include="include\CPU\memory\MemoryPool.h">
      <Filter>Archivos de encabezado\CPU\memory</Filter>
    </ClInclude>
    <ClInclude Include="include\CPU\memory\MemoryUtil.h">
      <Filter>Archivos de encabezado\CPU\memory</Filter>
    </ClInclude>
    <ClInclude Include="include\CPU\memory\PoolAttribute.hpp">
      <Filter>Archivos de encabezado\CPU\memory</Filter>
    </ClInclude>
    <ClInclude Include="include\pipeline\PipelineBroker.h">
      <Filter>Archivos de encabezado\pipeline</Filter>
    </ClInclude>
    <ClInclude Include="include\EngineInstance.h">
      <Filter>Archivos de encabezado</Filter>
    </ClInclude>
    <ClInclude Include="include\pipeline\PipelineManager.h">
      <Filter>Archivos de encabezado\pipeline</Filter>
    </ClInclude>
    <ClInclude Include="include\SceneManager.h">
      <Filter>Archivos de encabezado</Filter>
    </ClInclude>
    <ClInclude Include="include\tests\TestClasses.h">
      <Filter>Archivos de encabezado\tests</Filter>
    </ClInclude>
    <ClInclude Include="include\CPU\mesh\MeshManager.h">
      <Filter>Archivos de encabezado\CPU\mesh</Filter>
    </ClInclude>
    <ClInclude Include="include\CPU\mesh\MeshUtil.h">
      <Filter>Archivos de encabezado\CPU\mesh</Filter>
    </ClInclude>
    <ClInclude Include="include\CPU\memory\PoolObjectBuilder.h">
      <Filter>Archivos de encabezado\CPU\memory</Filter>
    </ClInclude>
    <ClInclude Include="include\CPU\memory\MemoryManager.h">
      <Filter>Archivos de encabezado\CPU\memory</Filter>
    </ClInclude>
    <ClInclude Include="include\CPU\io\FileLoader.h">
      <Filter>Archivos de encabezado\CPU\io</Filter>
    </ClInclude>
    <ClInclude Include="include\CPU\io\FileLoadResult.h">
      <Filter>Archivos de encabezado\CPU\io</Filter>
    </ClInclude>
    <ClInclude Include="include\CPU\io\FileManager.h">
      <Filter>Archivos de encabezado\CPU\io</Filter>
    </ClInclude>
    <ClInclude Include="include\CPU\mesh\MeshLoadResult.h">
      <Filter>Archivos de encabezado\CPU\mesh</Filter>
    </ClInclude>
    <ClInclude Include="include\CPU\io\defaultloaders\AssimpFileLoader.h">
      <Filter>Archivos de encabezado\CPU\io\defaultloaders</Filter>
    </ClInclude>
    <ClInclude Include="include\CPU\mesh\meshattributebuilders\CompactMeshBuilder.h">
      <Filter>Archivos de encabezado\CPU\mesh\meshattributebuilders</Filter>
    </ClInclude>
    <ClInclude Include="include\CPU\mesh\meshattributebuilders\InterleavedMeshBuilder.h">
      <Filter>Archivos de encabezado\CPU\mesh\meshattributebuilders</Filter>
    </ClInclude>
    <ClInclude Include="include\util\StringUtils.h">
      <Filter>Archivos de encabezado\util</Filter>
    </ClInclude>
    <ClInclude Include="include\CPU\mesh\MeshBlockConfiguration.h">
      <Filter>Archivos de encabezado\CPU\mesh</Filter>
    </ClInclude>
    <ClInclude Include="include\GPU\mesh\GPUMesh.h">
      <Filter>Archivos de encabezado\GPU\mesh</Filter>
    </ClInclude>
    <ClInclude Include="include\GPU\mesh\GPUMeshManager.h">
      <Filter>Archivos de encabezado\GPU\mesh</Filter>
    </ClInclude>
    <ClInclude Include="include\components\MeshFilter.h">
      <Filter>Archivos de encabezado\components</Filter>
    </ClInclude>
    <ClInclude Include="include\components\MeshRenderer.h">
      <Filter>Archivos de encabezado\components</Filter>
    </ClInclude>
    <ClInclude Include="include\logger\AbstractLogger.h">
      <Filter>Archivos de encabezado\logger</Filter>
    </ClInclude>
    <ClInclude Include="include\logger\BufferedFileLogger.h">
      <Filter>Archivos de encabezado\logger</Filter>
    </ClInclude>
    <ClInclude Include="include\logger\ConsoleLogger.h">
      <Filter>Archivos de encabezado\logger</Filter>
    </ClInclude>
    <ClInclude Include="include\logger\FileLogger.h">
      <Filter>Archivos de encabezado\logger</Filter>
    </ClInclude>
    <ClInclude Include="include\logger\Log.h">
      <Filter>Archivos de encabezado\logger</Filter>
    </ClInclude>
    <ClInclude Include="include\EngineException.h">
      <Filter>Archivos de encabezado</Filter>
    </ClInclude>
    <ClInclude Include="include\inputhandlers\InputManager.h">
      <Filter>Archivos de encabezado\inputhandlers</Filter>
    </ClInclude>
    <ClInclude Include="include\inputhandlers\KeyboardInputHandler.h">
      <Filter>Archivos de encabezado\inputhandlers</Filter>
    </ClInclude>
    <ClInclude Include="include\inputhandlers\MouseInputHandler.h">
      <Filter>Archivos de encabezado\inputhandlers</Filter>
    </ClInclude>
    <ClInclude Include="include\inputhandlers\MouseMotionHandler.h">
      <Filter>Archivos de encabezado\inputhandlers</Filter>
    </ClInclude>
    <ClInclude Include="include\graphics\ContextManager.h">
      <Filter>Archivos de encabezado\graphics</Filter>
    </ClInclude>
    <ClInclude Include="include\CPU\memory\SortablePoolElement.h">
      <Filter>Archivos de encabezado\CPU\memory</Filter>
    </ClInclude>
    <ClInclude Include="include\Camera.h">
      <Filter>Archivos de encabezado</Filter>
    </ClInclude>
    <ClInclude Include="include\graphics\WindowResizeObserver.h">
      <Filter>Archivos de encabezado\graphics</Filter>
    </ClInclude>
    <ClInclude Include="include\graphics\defaultwindowhandlers\GLFWWindowHandler.h">
      <Filter>Archivos de encabezado\graphics\defaultwindowhandlers</Filter>
    </ClInclude>
    <ClInclude Include="include\graphics\WindowHandler.h">
      <Filter>Archivos de encabezado\graphics</Filter>
    </ClInclude>
    <ClInclude Include="include\InstanceManager.h">
      <Filter>Archivos de encabezado</Filter>
    </ClInclude>
    <ClInclude Include="include\Initialization.h">
      <Filter>Archivos de encabezado</Filter>
    </ClInclude>
    <ClInclude Include="include\pipeline\defaultstages\ComponentRegisterStage.h">
      <Filter>Archivos de encabezado\pipeline\defaultstages</Filter>
    </ClInclude>
    <ClInclude Include="include\render\RenderingPipeline.h">
      <Filter>Archivos de encabezado\render</Filter>
    </ClInclude>
    <ClInclude Include="include\render\RenderStage.h">
      <Filter>Archivos de encabezado\render</Filter>
    </ClInclude>
    <ClInclude Include="include\render\renderstages\ForwardRenderStage.h">
      <Filter>Archivos de encabezado\render\renderstages</Filter>
    </ClInclude>
    <ClInclude Include="include\render\AbstractRenderingStage.h">
      <Filter>Archivos de encabezado\render</Filter>
    </ClInclude>
    <ClInclude Include="include\pipeline\defaultstages\CPUToGPUMeshSyncStage.h">
      <Filter>Archivos de encabezado\pipeline\defaultstages</Filter>
    </ClInclude>
    <ClInclude Include="include\pipeline\defaultstages\GPUToCPUMeshSyncStage.h">
      <Filter>Archivos de encabezado\pipeline\defaultstages</Filter>
    </ClInclude>
    <ClInclude Include="include\CPU\mesh\Mesh.h">
      <Filter>Archivos de encabezado\CPU\mesh</Filter>
    </ClInclude>
    <ClInclude Include="include\GPU\mesh\GPUBuffer.h">
      <Filter>Archivos de encabezado\GPU\mesh</Filter>
    </ClInclude>
    <ClInclude Include="include\GPU\program\Program.h">
      <Filter>Archivos de encabezado\GPU\program</Filter>
    </ClInclude>
    <ClInclude Include="include\GPU\program\ProgramManager.h">
      <Filter>Archivos de encabezado\GPU\program</Filter>
    </ClInclude>
    <ClInclude Include="include\GPU\program\defaultprograms\StandardProgram.h">
      <Filter>Archivos de encabezado\GPU\program\defaultprograms</Filter>
    </ClInclude>
  </ItemGroup>
  <ItemGroup>
    <ClCompile Include="src\Component.cpp">
      <Filter>Archivos de origen</Filter>
    </ClCompile>
    <ClCompile Include="src\SceneObject.cpp">
      <Filter>Archivos de origen</Filter>
    </ClCompile>
    <ClCompile Include="src\Main.cpp">
      <Filter>Archivos de origen</Filter>
    </ClCompile>
    <ClCompile Include="src\Transform.cpp">
      <Filter>Archivos de origen</Filter>
    </ClCompile>
    <ClCompile Include="src\Scene.cpp">
      <Filter>Archivos de origen</Filter>
    </ClCompile>
    <ClCompile Include="src\pipeline\Pipeline.cpp">
      <Filter>Archivos de origen\pipeline</Filter>
    </ClCompile>
    <ClCompile Include="src\pipeline\PipelineStage.cpp">
      <Filter>Archivos de origen\pipeline</Filter>
    </ClCompile>
    <ClCompile Include="src\CPU\memory\MemoryPool.cpp">
      <Filter>Archivos de origen\CPU\memory</Filter>
    </ClCompile>
    <ClCompile Include="src\CPU\memory\MemoryUtil.cpp">
      <Filter>Archivos de origen\CPU\memory</Filter>
    </ClCompile>
    <ClCompile Include="src\pipeline\PipelineBroker.cpp">
      <Filter>Archivos de origen\pipeline</Filter>
    </ClCompile>
    <ClCompile Include="src\EngineInstance.cpp">
      <Filter>Archivos de origen</Filter>
    </ClCompile>
    <ClCompile Include="src\pipeline\PipelineManager.cpp">
      <Filter>Archivos de origen\pipeline</Filter>
    </ClCompile>
    <ClCompile Include="src\SceneManager.cpp">
      <Filter>Archivos de origen</Filter>
    </ClCompile>
    <ClCompile Include="src\tests\TestClasses.cpp">
      <Filter>Archivos de origen\tests</Filter>
    </ClCompile>
    <ClCompile Include="src\CPU\mesh\Mesh.cpp">
      <Filter>Archivos de origen\CPU\mesh</Filter>
    </ClCompile>
    <ClCompile Include="src\CPU\mesh\MeshManager.cpp">
      <Filter>Archivos de origen\CPU\mesh</Filter>
    </ClCompile>
    <ClCompile Include="src\CPU\mesh\MeshUtil.cpp">
      <Filter>Archivos de origen\CPU\mesh</Filter>
    </ClCompile>
    <ClCompile Include="src\CPU\memory\MemoryManager.cpp">
      <Filter>Archivos de origen\CPU\memory</Filter>
    </ClCompile>
    <ClCompile Include="src\CPU\io\FileManager.cpp">
      <Filter>Archivos de origen\CPU\io</Filter>
    </ClCompile>
    <ClCompile Include="src\CPU\io\FileLoader.cpp">
      <Filter>Archivos de origen\CPU\io</Filter>
    </ClCompile>
    <ClCompile Include="src\CPU\mesh\MeshLoadResult.cpp">
      <Filter>Archivos de origen\CPU\mesh</Filter>
    </ClCompile>
    <ClCompile Include="src\CPU\io\defaultloaders\AssimpFileLoader.cpp">
      <Filter>Archivos de origen\CPU\io\defaultloaders</Filter>
    </ClCompile>
    <ClCompile Include="src\CPU\mesh\meshattributebuilder\CompactMeshBuilder.cpp">
      <Filter>Archivos de origen\CPU\mesh\meshattributebuilders</Filter>
    </ClCompile>
    <ClCompile Include="src\CPU\mesh\meshattributebuilder\InterleavedMeshBuilder.cpp">
      <Filter>Archivos de origen\CPU\mesh\meshattributebuilders</Filter>
    </ClCompile>
    <ClCompile Include="src\util\StringUtils.cpp">
      <Filter>Archivos de origen\util</Filter>
    </ClCompile>
    <ClCompile Include="src\CPU\mesh\MeshBlockConfiguration.cpp">
      <Filter>Archivos de origen\CPU\mesh</Filter>
    </ClCompile>
    <ClCompile Include="src\GPU\mesh\GPUMesh.cpp">
      <Filter>Archivos de origen\GPU\mesh</Filter>
    </ClCompile>
    <ClCompile Include="src\GPU\mesh\GPUMeshManager.cpp">
      <Filter>Archivos de origen\GPU\mesh</Filter>
    </ClCompile>
    <ClCompile Include="src\components\MeshFilter.cpp">
      <Filter>Archivos de origen\components</Filter>
    </ClCompile>
    <ClCompile Include="src\components\MeshRenderer.cpp">
      <Filter>Archivos de origen\components</Filter>
    </ClCompile>
    <ClCompile Include="src\logger\BufferedFileLogger.cpp">
      <Filter>Archivos de origen\logger</Filter>
    </ClCompile>
    <ClCompile Include="src\logger\ConsoleLogger.cpp">
      <Filter>Archivos de origen\logger</Filter>
    </ClCompile>
    <ClCompile Include="src\logger\FileLogger.cpp">
      <Filter>Archivos de origen\logger</Filter>
    </ClCompile>
    <ClCompile Include="src\logger\Log.cpp">
      <Filter>Archivos de origen\logger</Filter>
    </ClCompile>
    <ClCompile Include="src\logger\AbstractLogger.cpp">
      <Filter>Archivos de origen\logger</Filter>
    </ClCompile>
    <ClCompile Include="src\EngineException.cpp">
      <Filter>Archivos de origen</Filter>
    </ClCompile>
    <ClCompile Include="src\inputhandlers\InputManager.cpp">
      <Filter>Archivos de origen\inputhandlers</Filter>
    </ClCompile>
    <ClCompile Include="src\graphics\ContextManager.cpp">
      <Filter>Archivos de origen\graphics</Filter>
    </ClCompile>
    <ClCompile Include="src\Camera.cpp">
      <Filter>Archivos de origen</Filter>
    </ClCompile>
    <ClCompile Include="src\graphics\defaultwindowhandlers\GLFWWindowHandler.cpp">
      <Filter>Archivos de origen\graphics\defaultwindowhandlers</Filter>
    </ClCompile>
    <ClCompile Include="src\graphics\WindowHandler.cpp">
      <Filter>Archivos de origen\graphics</Filter>
    </ClCompile>
    <ClCompile Include="src\InstanceManager.cpp">
      <Filter>Archivos de origen</Filter>
    </ClCompile>
    <ClCompile Include="src\Initialization.cpp">
      <Filter>Archivos de origen</Filter>
    </ClCompile>
    <ClCompile Include="src\pipeline\defaultstages\ComponentRegisterStage.cpp">
      <Filter>Archivos de origen\pipeline\defaultstages</Filter>
    </ClCompile>
    <ClCompile Include="src\render\AbstractRenderingStage.cpp">
      <Filter>Archivos de origen\render</Filter>
    </ClCompile>
    <ClCompile Include="src\render\RenderingPipeline.cpp">
      <Filter>Archivos de origen\render</Filter>
    </ClCompile>
    <ClCompile Include="src\render\RenderStage.cpp">
      <Filter>Archivos de origen\render</Filter>
    </ClCompile>
    <ClCompile Include="src\render\renderstages\ForwardRenderStage.cpp">
      <Filter>Archivos de origen\render\renderstages</Filter>
    </ClCompile>
    <ClCompile Include="src\pipeline\defaultstages\CPUToGPUMeshSyncStage.cpp">
      <Filter>Archivos de origen\pipeline\defaultstages</Filter>
    </ClCompile>
    <ClCompile Include="src\pipeline\defaultstages\GPUToCPUMeshSyncStage.cpp">
      <Filter>Archivos de origen\pipeline\defaultstages</Filter>
    </ClCompile>
    <ClCompile Include="src\GPU\mesh\GPUBuffer.cpp">
      <Filter>Archivos de origen\GPU\mesh</Filter>
    </ClCompile>
    <ClCompile Include="src\GPU\program\Program.cpp">
      <Filter>Archivos de origen\GPU\program</Filter>
    </ClCompile>
    <ClCompile Include="src\GPU\program\ProgramManager.cpp">
      <Filter>Archivos de origen\GPU\program</Filter>
    </ClCompile>
    <ClCompile Include="src\GPU\program\defaultprograms\StandardProgram.cpp">
      <Filter>Archivos de origen\GPU\program\defaultprograms</Filter>
    </ClCompile>
  </ItemGroup>
</Project>