<?xml version="1.0" encoding="utf-8"?>
<Project ToolsVersion="4.0" xmlns="http://schemas.microsoft.com/developer/msbuild/2003">
  <ItemGroup>
    <Filter Include="Archivos de origen">
      <UniqueIdentifier>{4FC737F1-C7A5-4376-A066-2A32D752A2FF}</UniqueIdentifier>
      <Extensions>cpp;c;cc;cxx;def;odl;idl;hpj;bat;asm;asmx</Extensions>
    </Filter>
    <Filter Include="Archivos de encabezado">
      <UniqueIdentifier>{93995380-89BD-4b04-88EB-625FBE52EBFB}</UniqueIdentifier>
      <Extensions>h;hh;hpp;hxx;hm;inl;inc;ipp;xsd</Extensions>
    </Filter>
    <Filter Include="Archivos de recursos">
      <UniqueIdentifier>{67DA6AB6-F800-4c08-8B7A-83BB121AAD01}</UniqueIdentifier>
      <Extensions>rc;ico;cur;bmp;dlg;rc2;rct;bin;rgs;gif;jpg;jpeg;jpe;resx;tiff;tif;png;wav;mfcribbon-ms</Extensions>
    </Filter>
    <Filter Include="Archivos de encabezado\pipeline">
      <UniqueIdentifier>{b94a83d9-076c-4909-b382-070203341495}</UniqueIdentifier>
    </Filter>
    <Filter Include="Archivos de origen\pipeline">
      <UniqueIdentifier>{55ed5f9b-ad15-423b-8f06-7e8d3d4ee10e}</UniqueIdentifier>
    </Filter>
    <Filter Include="Archivos de encabezado\CPU">
      <UniqueIdentifier>{dc9b6a79-8ff9-4bad-ae14-274ec38ad5db}</UniqueIdentifier>
    </Filter>
    <Filter Include="Archivos de encabezado\GPU">
      <UniqueIdentifier>{0473fbf2-5ee8-4864-b86f-5bd3bb0a6a73}</UniqueIdentifier>
    </Filter>
    <Filter Include="Archivos de origen\CPU">
      <UniqueIdentifier>{1b62e0f1-c59a-47d5-b7e5-da587fe84570}</UniqueIdentifier>
    </Filter>
    <Filter Include="Archivos de origen\GPU">
      <UniqueIdentifier>{6f5d92d8-2797-47ab-964f-55ae86b560b4}</UniqueIdentifier>
    </Filter>
    <Filter Include="Archivos de encabezado\CPU\memory">
      <UniqueIdentifier>{67f7d0e4-c7a9-4198-9192-dc053723aaf1}</UniqueIdentifier>
    </Filter>
    <Filter Include="Archivos de origen\CPU\memory">
      <UniqueIdentifier>{56ae5d15-9ead-405c-9e70-49a8d27ee78c}</UniqueIdentifier>
    </Filter>
    <Filter Include="Archivos de encabezado\CPU\mesh">
      <UniqueIdentifier>{c812926f-c358-441a-9beb-624f93a22629}</UniqueIdentifier>
    </Filter>
    <Filter Include="Archivos de origen\CPU\mesh">
      <UniqueIdentifier>{22a45604-f676-4de8-904a-8b844ed5e965}</UniqueIdentifier>
    </Filter>
    <Filter Include="Archivos de encabezado\CPU\io">
      <UniqueIdentifier>{6cf719d5-ec27-40d2-b8b2-2663bd6d65da}</UniqueIdentifier>
    </Filter>
    <Filter Include="Archivos de origen\CPU\io">
      <UniqueIdentifier>{c9f63ebd-62d6-403f-8688-1f42ebeb6257}</UniqueIdentifier>
    </Filter>
    <Filter Include="Archivos de encabezado\util">
      <UniqueIdentifier>{a58f5707-5cb2-4490-b2ae-d3e1faeb572f}</UniqueIdentifier>
    </Filter>
    <Filter Include="Archivos de origen\util">
      <UniqueIdentifier>{cd32fbf5-7da1-4c1b-b8fa-3465ddb288ef}</UniqueIdentifier>
    </Filter>
    <Filter Include="Archivos de encabezado\GPU\mesh">
      <UniqueIdentifier>{328aa39f-193d-42c6-92d8-4d8b7c76ab45}</UniqueIdentifier>
    </Filter>
    <Filter Include="Archivos de origen\GPU\mesh">
      <UniqueIdentifier>{3892f729-d88a-4765-97d4-b609267e1909}</UniqueIdentifier>
    </Filter>
    <Filter Include="Archivos de encabezado\logger">
      <UniqueIdentifier>{c411e377-3f53-48c5-85c6-d0d03bcc3fe0}</UniqueIdentifier>
    </Filter>
    <Filter Include="Archivos de origen\logger">
      <UniqueIdentifier>{03f8a090-e5ad-4e17-92d3-256032ceefdd}</UniqueIdentifier>
    </Filter>
    <Filter Include="Archivos de encabezado\graphics">
      <UniqueIdentifier>{25af791e-eb20-433a-9056-4152eb3afd85}</UniqueIdentifier>
    </Filter>
    <Filter Include="Archivos de origen\graphics">
      <UniqueIdentifier>{d900a8eb-2d4a-4a48-b02d-91e19eb09ff5}</UniqueIdentifier>
    </Filter>
    <Filter Include="Archivos de encabezado\inputhandlers">
      <UniqueIdentifier>{a4d6562f-2341-4a6e-96ac-9d177228b405}</UniqueIdentifier>
    </Filter>
    <Filter Include="Archivos de origen\inputhandlers">
      <UniqueIdentifier>{c863a3f7-5694-4d8e-9b14-ecc28733eeee}</UniqueIdentifier>
    </Filter>
    <Filter Include="Archivos de encabezado\render">
      <UniqueIdentifier>{7d8d32ca-6126-431d-9310-752551988a4b}</UniqueIdentifier>
    </Filter>
    <Filter Include="Archivos de encabezado\render\renderstages">
      <UniqueIdentifier>{09f2acb0-661e-4f78-b74b-d38a3b85919a}</UniqueIdentifier>
    </Filter>
    <Filter Include="Archivos de encabezado\GPU\program">
      <UniqueIdentifier>{87c0b589-cc08-4eee-bd24-d85dfb8a34df}</UniqueIdentifier>
    </Filter>
    <Filter Include="Archivos de origen\GPU\program">
      <UniqueIdentifier>{c4b5697c-c144-44e9-93b9-f7ec98e4ff19}</UniqueIdentifier>
    </Filter>
    <Filter Include="shaders">
      <UniqueIdentifier>{be3b22e7-964e-4829-8150-20f32d27fdec}</UniqueIdentifier>
    </Filter>
    <Filter Include="Archivos de origen\render">
      <UniqueIdentifier>{43ff6a1a-b883-4a69-989c-78dcc819d9ad}</UniqueIdentifier>
    </Filter>
    <Filter Include="Archivos de origen\render\renderstages">
      <UniqueIdentifier>{ffc090f8-7dc6-440f-8ca6-592ae146e76f}</UniqueIdentifier>
    </Filter>
    <Filter Include="Archivos de encabezado\defaultimpl">
      <UniqueIdentifier>{8724e62e-b509-4f27-9cc7-c8cda1f2573a}</UniqueIdentifier>
    </Filter>
    <Filter Include="Archivos de encabezado\defaultimpl\components">
      <UniqueIdentifier>{538ef97f-28f4-44e4-81ed-79aa2e2fd876}</UniqueIdentifier>
    </Filter>
    <Filter Include="Archivos de encabezado\defaultimpl\loggers">
      <UniqueIdentifier>{365c8896-d5e5-4ccd-a2da-7b98737d96c3}</UniqueIdentifier>
    </Filter>
    <Filter Include="Archivos de encabezado\defaultimpl\pipelinestages">
      <UniqueIdentifier>{79e39bfa-a1d0-46b8-936d-7d38835f8394}</UniqueIdentifier>
    </Filter>
    <Filter Include="Archivos de encabezado\defaultimpl\fileloaders">
      <UniqueIdentifier>{2f312587-f25a-43be-839d-208a74e1877b}</UniqueIdentifier>
    </Filter>
    <Filter Include="Archivos de encabezado\defaultimpl\windowhandlers">
      <UniqueIdentifier>{300bfcfd-09d9-4a88-8893-064703a93743}</UniqueIdentifier>
    </Filter>
    <Filter Include="Archivos de encabezado\defaultimpl\meshblockconfigurators">
      <UniqueIdentifier>{b2f507aa-ad4c-4dac-8719-2d5c586d447f}</UniqueIdentifier>
    </Filter>
    <Filter Include="Archivos de encabezado\defaultimpl\shaders">
      <UniqueIdentifier>{8dd2a33e-5ee4-493e-bf24-6862fd5bcf79}</UniqueIdentifier>
    </Filter>
    <Filter Include="Archivos de origen\defaultimpl">
      <UniqueIdentifier>{288f7e76-8b21-423b-b4bd-1692eb607b75}</UniqueIdentifier>
    </Filter>
    <Filter Include="Archivos de origen\defaultimpl\components">
      <UniqueIdentifier>{e234e63d-47c3-4216-b96b-960036eb2393}</UniqueIdentifier>
    </Filter>
    <Filter Include="Archivos de origen\defaultimpl\loggers">
      <UniqueIdentifier>{dc1b3257-4584-47e2-b819-9c5aa1c7dfb0}</UniqueIdentifier>
    </Filter>
    <Filter Include="Archivos de origen\defaultimpl\fileloaders">
      <UniqueIdentifier>{5c6f3ffb-ecea-4345-8c8a-ab8017ccbc76}</UniqueIdentifier>
    </Filter>
    <Filter Include="Archivos de origen\defaultimpl\shaders">
      <UniqueIdentifier>{144beb2b-1df4-4dc6-adaa-a7a23966272d}</UniqueIdentifier>
    </Filter>
    <Filter Include="Archivos de origen\defaultimpl\meshblockconfigurators">
      <UniqueIdentifier>{92fbf8c8-a1eb-4ea4-a88a-e39cf0a9f309}</UniqueIdentifier>
    </Filter>
    <Filter Include="Archivos de origen\defaultimpl\pipelinestages">
      <UniqueIdentifier>{ba953bba-dc93-4dd2-89f2-948507b7bea6}</UniqueIdentifier>
    </Filter>
    <Filter Include="Archivos de origen\defaultimpl\windowhandlers">
      <UniqueIdentifier>{905613b2-59cd-48a0-a20f-bbea457578e4}</UniqueIdentifier>
    </Filter>
    <Filter Include="shaders\default">
      <UniqueIdentifier>{45b42444-0f82-43e7-acf7-092d0d9e72ae}</UniqueIdentifier>
    </Filter>
    <Filter Include="Archivos de encabezado\GPU\texture">
      <UniqueIdentifier>{09d96bb2-a9e7-44b5-b500-299f066d95d1}</UniqueIdentifier>
    </Filter>
    <Filter Include="Archivos de origen\GPU\texture">
      <UniqueIdentifier>{d7f3c41c-3903-4e07-ab90-3b7d45d5022b}</UniqueIdentifier>
    </Filter>
    <Filter Include="Archivos de encabezado\CPU\texture">
      <UniqueIdentifier>{73f1a5f3-a8ba-407b-89c4-e0e17ff2d763}</UniqueIdentifier>
    </Filter>
    <Filter Include="Archivos de origen\CPU\texture">
      <UniqueIdentifier>{128e7464-ea35-4bde-beaa-5250ba49145c}</UniqueIdentifier>
    </Filter>
    <Filter Include="Archivos de origen\defaultimpl\textureblockconfigurators">
      <UniqueIdentifier>{0c947e42-f27e-4d88-a64c-658ecb9d513b}</UniqueIdentifier>
    </Filter>
    <Filter Include="Archivos de encabezado\defaultimpl\textureblockconfigurators">
      <UniqueIdentifier>{a9902748-8d5b-4b2c-a321-06a5b699f6a6}</UniqueIdentifier>
    </Filter>
    <Filter Include="Archivos de encabezado\material">
      <UniqueIdentifier>{45c2aad6-0aa1-4426-8f73-87534cec44f8}</UniqueIdentifier>
    </Filter>
    <Filter Include="Archivos de origen\material">
      <UniqueIdentifier>{0e311509-7f57-47a3-a031-c9a07c121f8f}</UniqueIdentifier>
    </Filter>
    <Filter Include="Archivos de encabezado\CPU\texture\blendoperations">
      <UniqueIdentifier>{ae7642f8-434a-44f3-b1c4-e29ff8e55c92}</UniqueIdentifier>
    </Filter>
    <Filter Include="Archivos de origen\CPU\texture\blendoperations">
      <UniqueIdentifier>{31221466-4f39-4b47-88c9-18d3b5eb7cef}</UniqueIdentifier>
    </Filter>
    <Filter Include="Archivos de encabezado\lights">
      <UniqueIdentifier>{d1aa88ac-2949-484a-93bd-5018d9fbf723}</UniqueIdentifier>
    </Filter>
    <Filter Include="Archivos de origen\lights">
      <UniqueIdentifier>{bc186742-de24-4778-8161-091fd3c6f776}</UniqueIdentifier>
    </Filter>
    <Filter Include="Archivos de encabezado\GPU\light">
      <UniqueIdentifier>{10471fe4-a3ad-40d8-ac32-a944424597f5}</UniqueIdentifier>
    </Filter>
    <Filter Include="Archivos de origen\GPU\light">
      <UniqueIdentifier>{f6834c48-de2b-421b-88db-e0981ddf6ce3}</UniqueIdentifier>
    </Filter>
    <Filter Include="shaders\default\postprocess">
      <UniqueIdentifier>{a130bdfc-ceab-4cc1-b220-5def20cdf10a}</UniqueIdentifier>
    </Filter>
    <Filter Include="shaders\api">
      <UniqueIdentifier>{dfd82948-e423-4bba-b6b4-38febe0ef206}</UniqueIdentifier>
    </Filter>
    <Filter Include="Archivos de encabezado\defaultimpl\renderstages">
      <UniqueIdentifier>{9f1681cc-a87a-4883-a738-4b4218a0aed9}</UniqueIdentifier>
    </Filter>
    <Filter Include="Archivos de encabezado\defaultimpl\ubermaskfactories">
      <UniqueIdentifier>{e65038c8-d9b3-4e7c-a98a-5a6f07713dbb}</UniqueIdentifier>
    </Filter>
    <Filter Include="Archivos de origen\defaultimpl\ubermaskfactories">
      <UniqueIdentifier>{bc89f39f-b30d-4f96-9cb8-5668c9981567}</UniqueIdentifier>
    </Filter>
    <Filter Include="Archivos de origen\defaultimpl\renderstages">
      <UniqueIdentifier>{aaefddc1-cb6c-464a-9f86-475e4ba4c1b9}</UniqueIdentifier>
    </Filter>
    <Filter Include="Archivos de encabezado\tests">
      <UniqueIdentifier>{0cfa0fdf-5a28-4dd4-86d5-dff8a4f63fd3}</UniqueIdentifier>
    </Filter>
    <Filter Include="Archivos de origen\tests">
      <UniqueIdentifier>{c3e05283-61f8-4544-a93d-91221f455abe}</UniqueIdentifier>
    </Filter>
  </ItemGroup>
  <ItemGroup>
    <ClInclude Include="include\Component.h">
      <Filter>Archivos de encabezado</Filter>
    </ClInclude>
    <ClInclude Include="include\SceneObject.h">
      <Filter>Archivos de encabezado</Filter>
    </ClInclude>
    <ClInclude Include="include\ComponentList.hpp">
      <Filter>Archivos de encabezado</Filter>
    </ClInclude>
    <ClInclude Include="include\Transform.h">
      <Filter>Archivos de encabezado</Filter>
    </ClInclude>
    <ClInclude Include="include\Defines.h">
      <Filter>Archivos de encabezado</Filter>
    </ClInclude>
    <ClInclude Include="include\Scene.h">
      <Filter>Archivos de encabezado</Filter>
    </ClInclude>
    <ClInclude Include="include\pipeline\Pipeline.h">
      <Filter>Archivos de encabezado\pipeline</Filter>
    </ClInclude>
    <ClInclude Include="include\pipeline\PipelineStage.h">
      <Filter>Archivos de encabezado\pipeline</Filter>
    </ClInclude>
    <ClInclude Include="include\CPU\memory\MemoryPool.h">
      <Filter>Archivos de encabezado\CPU\memory</Filter>
    </ClInclude>
    <ClInclude Include="include\CPU\memory\MemoryUtil.h">
      <Filter>Archivos de encabezado\CPU\memory</Filter>
    </ClInclude>
    <ClInclude Include="include\CPU\memory\PoolAttribute.hpp">
      <Filter>Archivos de encabezado\CPU\memory</Filter>
    </ClInclude>
    <ClInclude Include="include\pipeline\PipelineBroker.h">
      <Filter>Archivos de encabezado\pipeline</Filter>
    </ClInclude>
    <ClInclude Include="include\EngineInstance.h">
      <Filter>Archivos de encabezado</Filter>
    </ClInclude>
    <ClInclude Include="include\pipeline\PipelineManager.h">
      <Filter>Archivos de encabezado\pipeline</Filter>
    </ClInclude>
    <ClInclude Include="include\SceneManager.h">
      <Filter>Archivos de encabezado</Filter>
    </ClInclude>
    <ClInclude Include="include\CPU\mesh\MeshManager.h">
      <Filter>Archivos de encabezado\CPU\mesh</Filter>
    </ClInclude>
    <ClInclude Include="include\CPU\mesh\MeshUtil.h">
      <Filter>Archivos de encabezado\CPU\mesh</Filter>
    </ClInclude>
    <ClInclude Include="include\CPU\memory\PoolObjectBuilder.h">
      <Filter>Archivos de encabezado\CPU\memory</Filter>
    </ClInclude>
    <ClInclude Include="include\CPU\memory\MemoryManager.h">
      <Filter>Archivos de encabezado\CPU\memory</Filter>
    </ClInclude>
    <ClInclude Include="include\CPU\io\FileLoader.h">
      <Filter>Archivos de encabezado\CPU\io</Filter>
    </ClInclude>
    <ClInclude Include="include\CPU\io\FileLoadResult.h">
      <Filter>Archivos de encabezado\CPU\io</Filter>
    </ClInclude>
    <ClInclude Include="include\CPU\io\FileManager.h">
      <Filter>Archivos de encabezado\CPU\io</Filter>
    </ClInclude>
    <ClInclude Include="include\CPU\mesh\MeshLoadResult.h">
      <Filter>Archivos de encabezado\CPU\mesh</Filter>
    </ClInclude>
    <ClInclude Include="include\util\StringUtils.h">
      <Filter>Archivos de encabezado\util</Filter>
    </ClInclude>
    <ClInclude Include="include\CPU\mesh\MeshBlockConfiguration.h">
      <Filter>Archivos de encabezado\CPU\mesh</Filter>
    </ClInclude>
    <ClInclude Include="include\GPU\mesh\GPUMesh.h">
      <Filter>Archivos de encabezado\GPU\mesh</Filter>
    </ClInclude>
    <ClInclude Include="include\GPU\mesh\GPUMeshManager.h">
      <Filter>Archivos de encabezado\GPU\mesh</Filter>
    </ClInclude>
    <ClInclude Include="include\logger\AbstractLogger.h">
      <Filter>Archivos de encabezado\logger</Filter>
    </ClInclude>
    <ClInclude Include="include\logger\Log.h">
      <Filter>Archivos de encabezado\logger</Filter>
    </ClInclude>
    <ClInclude Include="include\EngineException.h">
      <Filter>Archivos de encabezado</Filter>
    </ClInclude>
    <ClInclude Include="include\inputhandlers\InputManager.h">
      <Filter>Archivos de encabezado\inputhandlers</Filter>
    </ClInclude>
    <ClInclude Include="include\inputhandlers\KeyboardInputHandler.h">
      <Filter>Archivos de encabezado\inputhandlers</Filter>
    </ClInclude>
    <ClInclude Include="include\inputhandlers\MouseInputHandler.h">
      <Filter>Archivos de encabezado\inputhandlers</Filter>
    </ClInclude>
    <ClInclude Include="include\inputhandlers\MouseMotionHandler.h">
      <Filter>Archivos de encabezado\inputhandlers</Filter>
    </ClInclude>
    <ClInclude Include="include\graphics\ContextManager.h">
      <Filter>Archivos de encabezado\graphics</Filter>
    </ClInclude>
    <ClInclude Include="include\CPU\memory\SortablePoolElement.h">
      <Filter>Archivos de encabezado\CPU\memory</Filter>
    </ClInclude>
    <ClInclude Include="include\Camera.h">
      <Filter>Archivos de encabezado</Filter>
    </ClInclude>
    <ClInclude Include="include\graphics\WindowResizeObserver.h">
      <Filter>Archivos de encabezado\graphics</Filter>
    </ClInclude>
    <ClInclude Include="include\graphics\WindowHandler.h">
      <Filter>Archivos de encabezado\graphics</Filter>
    </ClInclude>
    <ClInclude Include="include\InstanceManager.h">
      <Filter>Archivos de encabezado</Filter>
    </ClInclude>
    <ClInclude Include="include\Initialization.h">
      <Filter>Archivos de encabezado</Filter>
    </ClInclude>
    <ClInclude Include="include\render\RenderingPipeline.h">
      <Filter>Archivos de encabezado\render</Filter>
    </ClInclude>
    <ClInclude Include="include\render\renderstages\ForwardRenderStage.h">
      <Filter>Archivos de encabezado\render\renderstages</Filter>
    </ClInclude>
    <ClInclude Include="include\render\AbstractRenderingStage.h">
      <Filter>Archivos de encabezado\render</Filter>
    </ClInclude>
    <ClInclude Include="include\CPU\mesh\Mesh.h">
      <Filter>Archivos de encabezado\CPU\mesh</Filter>
    </ClInclude>
    <ClInclude Include="include\GPU\mesh\GPUBuffer.h">
      <Filter>Archivos de encabezado\GPU\mesh</Filter>
    </ClInclude>
    <ClInclude Include="include\GPU\program\Program.h">
      <Filter>Archivos de encabezado\GPU\program</Filter>
    </ClInclude>
    <ClInclude Include="include\GPU\program\ProgramManager.h">
      <Filter>Archivos de encabezado\GPU\program</Filter>
    </ClInclude>
    <ClInclude Include="include\GPU\program\ComputeProgram.h">
      <Filter>Archivos de encabezado\GPU\program</Filter>
    </ClInclude>
    <ClInclude Include="include\GPU\program\ShaderProgram.h">
      <Filter>Archivos de encabezado\GPU\program</Filter>
    </ClInclude>
    <ClInclude Include="include\defaultimpl\components\MeshFilter.h">
      <Filter>Archivos de encabezado\defaultimpl\components</Filter>
    </ClInclude>
    <ClInclude Include="include\defaultimpl\components\MeshRenderer.h">
      <Filter>Archivos de encabezado\defaultimpl\components</Filter>
    </ClInclude>
    <ClInclude Include="include\defaultimpl\loggers\BufferedFileLogger.h">
      <Filter>Archivos de encabezado\defaultimpl\loggers</Filter>
    </ClInclude>
    <ClInclude Include="include\defaultimpl\loggers\ConsoleLogger.h">
      <Filter>Archivos de encabezado\defaultimpl\loggers</Filter>
    </ClInclude>
    <ClInclude Include="include\defaultimpl\loggers\FileLogger.h">
      <Filter>Archivos de encabezado\defaultimpl\loggers</Filter>
    </ClInclude>
    <ClInclude Include="include\defaultimpl\fileloaders\AssimpFileLoader.h">
      <Filter>Archivos de encabezado\defaultimpl\fileloaders</Filter>
    </ClInclude>
    <ClInclude Include="include\defaultimpl\fileloaders\ShaderLoader.h">
      <Filter>Archivos de encabezado\defaultimpl\fileloaders</Filter>
    </ClInclude>
    <ClInclude Include="include\defaultimpl\meshblockconfigurators\CompactMeshBuilder.h">
      <Filter>Archivos de encabezado\defaultimpl\meshblockconfigurators</Filter>
    </ClInclude>
    <ClInclude Include="include\defaultimpl\meshblockconfigurators\InterleavedMeshBuilder.h">
      <Filter>Archivos de encabezado\defaultimpl\meshblockconfigurators</Filter>
    </ClInclude>
    <ClInclude Include="include\defaultimpl\windowhandlers\GLFWWindowHandler.h">
      <Filter>Archivos de encabezado\defaultimpl\windowhandlers</Filter>
    </ClInclude>
    <ClInclude Include="include\defaultimpl\pipelinestages\ComponentRegisterStage.h">
      <Filter>Archivos de encabezado\defaultimpl\pipelinestages</Filter>
    </ClInclude>
    <ClInclude Include="include\defaultimpl\pipelinestages\CPUToGPUMeshSyncStage.h">
      <Filter>Archivos de encabezado\defaultimpl\pipelinestages</Filter>
    </ClInclude>
    <ClInclude Include="include\defaultimpl\pipelinestages\GPUToCPUMeshSyncStage.h">
      <Filter>Archivos de encabezado\defaultimpl\pipelinestages</Filter>
    </ClInclude>
    <ClInclude Include="include\defaultimpl\pipelinestages\RenderStage.h">
      <Filter>Archivos de encabezado\defaultimpl\pipelinestages</Filter>
    </ClInclude>
    <ClInclude Include="include\GPU\program\ShaderLoadResult.h">
      <Filter>Archivos de encabezado\GPU\program</Filter>
    </ClInclude>
    <ClInclude Include="include\defaultimpl\pipelinestages\IterationEndStage.h">
      <Filter>Archivos de encabezado\defaultimpl\pipelinestages</Filter>
    </ClInclude>
    <ClInclude Include="include\GPU\program\PostProcessProgram.h">
      <Filter>Archivos de encabezado\GPU\program</Filter>
    </ClInclude>
    <ClInclude Include="include\defaultimpl\shaders\StandardProgram.h">
      <Filter>Archivos de encabezado\defaultimpl\shaders</Filter>
    </ClInclude>
    <ClInclude Include="include\defaultimpl\pipelinestages\TransformUpdateStage.h">
      <Filter>Archivos de encabezado\defaultimpl\pipelinestages</Filter>
    </ClInclude>
    <ClInclude Include="include\pipeline\Threadpool.h">
      <Filter>Archivos de encabezado\pipeline</Filter>
    </ClInclude>
    <ClInclude Include="include\defaultimpl\components\ObjectSpinner.h">
      <Filter>Archivos de encabezado\defaultimpl\components</Filter>
    </ClInclude>
    <ClInclude Include="include\EngineTime.h">
      <Filter>Archivos de encabezado</Filter>
    </ClInclude>
    <ClInclude Include="include\render\FBO.h">
      <Filter>Archivos de encabezado\render</Filter>
    </ClInclude>
    <ClInclude Include="include\GPU\texture\GPUTexture.h">
      <Filter>Archivos de encabezado\GPU\texture</Filter>
    </ClInclude>
    <ClInclude Include="include\GPU\texture\GPUTexture2D.h">
      <Filter>Archivos de encabezado\GPU\texture</Filter>
    </ClInclude>
    <ClInclude Include="include\GPU\texture\GPUTextureManager.h">
      <Filter>Archivos de encabezado\GPU\texture</Filter>
    </ClInclude>
    <ClInclude Include="include\GPU\texture\GPUTexture1D.h">
      <Filter>Archivos de encabezado\GPU\texture</Filter>
    </ClInclude>
    <ClInclude Include="include\GPU\texture\GPUTexture3D.h">
      <Filter>Archivos de encabezado\GPU\texture</Filter>
    </ClInclude>
    <ClInclude Include="include\CPU\texture\Texture.h">
      <Filter>Archivos de encabezado\CPU\texture</Filter>
    </ClInclude>
    <ClInclude Include="include\CPU\texture\TextureManager.h">
      <Filter>Archivos de encabezado\CPU\texture</Filter>
    </ClInclude>
    <ClInclude Include="include\defaultimpl\textureblockconfigurators\CompactTextureBuilder.h">
      <Filter>Archivos de encabezado\defaultimpl\textureblockconfigurators</Filter>
    </ClInclude>
    <ClInclude Include="include\CPU\texture\TextureBlockConfiguration.h">
      <Filter>Archivos de encabezado\CPU\texture</Filter>
    </ClInclude>
    <ClInclude Include="include\CPU\texture\TextureLoadResult.h">
      <Filter>Archivos de encabezado\CPU\texture</Filter>
    </ClInclude>
    <ClInclude Include="include\defaultimpl\fileloaders\ImageLoader.h">
      <Filter>Archivos de encabezado\defaultimpl\fileloaders</Filter>
    </ClInclude>
    <ClInclude Include="include\material\Material.h">
      <Filter>Archivos de encabezado\material</Filter>
    </ClInclude>
    <ClInclude Include="include\material\MaterialManager.h">
      <Filter>Archivos de encabezado\material</Filter>
    </ClInclude>
    <ClInclude Include="include\CPU\texture\TextureStackBlendOperation.h">
      <Filter>Archivos de encabezado\CPU\texture</Filter>
    </ClInclude>
    <ClInclude Include="include\CPU\texture\TextureBlendOperation.h">
      <Filter>Archivos de encabezado\CPU\texture</Filter>
    </ClInclude>
    <ClInclude Include="include\CPU\texture\blendoperations\BlendAdd.h">
      <Filter>Archivos de encabezado\CPU\texture\blendoperations</Filter>
    </ClInclude>
    <ClInclude Include="include\CPU\texture\blendoperations\BlendDivide.h">
      <Filter>Archivos de encabezado\CPU\texture\blendoperations</Filter>
    </ClInclude>
    <ClInclude Include="include\CPU\texture\blendoperations\BlendMultiply.h">
      <Filter>Archivos de encabezado\CPU\texture\blendoperations</Filter>
    </ClInclude>
    <ClInclude Include="include\CPU\texture\blendoperations\BlendSignedAdd.h">
      <Filter>Archivos de encabezado\CPU\texture\blendoperations</Filter>
    </ClInclude>
    <ClInclude Include="include\CPU\texture\blendoperations\BlendSmoothAdd.h">
      <Filter>Archivos de encabezado\CPU\texture\blendoperations</Filter>
    </ClInclude>
    <ClInclude Include="include\CPU\texture\blendoperations\BlendSub.h">
      <Filter>Archivos de encabezado\CPU\texture\blendoperations</Filter>
    </ClInclude>
    <ClInclude Include="include\defaultimpl\pipelinestages\CPUToGPUTextureSyncStage.h">
      <Filter>Archivos de encabezado\defaultimpl\pipelinestages</Filter>
    </ClInclude>
    <ClInclude Include="include\defaultimpl\pipelinestages\ShaderCompilationStage.h">
      <Filter>Archivos de encabezado\defaultimpl\pipelinestages</Filter>
    </ClInclude>
    <ClInclude Include="include\GPU\program\UberMaskFactory.h">
      <Filter>Archivos de encabezado\GPU\program</Filter>
    </ClInclude>
    <ClInclude Include="include\GPU\program\UberFactoryManager.h">
      <Filter>Archivos de encabezado\GPU\program</Filter>
    </ClInclude>
    <ClInclude Include="include\render\RenderableMap.h">
      <Filter>Archivos de encabezado\render</Filter>
    </ClInclude>
    <ClInclude Include="include\lights\DirectionalLight.h">
      <Filter>Archivos de encabezado\lights</Filter>
    </ClInclude>
    <ClInclude Include="include\lights\PointLight.h">
      <Filter>Archivos de encabezado\lights</Filter>
    </ClInclude>
    <ClInclude Include="include\lights\SpotLight.h">
      <Filter>Archivos de encabezado\lights</Filter>
    </ClInclude>
    <ClInclude Include="include\lights\Light.h">
      <Filter>Archivos de encabezado\lights</Filter>
    </ClInclude>
    <ClInclude Include="include\GPU\light\LightBuffer.h">
      <Filter>Archivos de encabezado\GPU\light</Filter>
    </ClInclude>
    <ClInclude Include="include\GPU\light\LightManager.h">
      <Filter>Archivos de encabezado\GPU\light</Filter>
    </ClInclude>
    <ClInclude Include="include\defaultimpl\pipelinestages\LightSyncStage.h">
      <Filter>Archivos de encabezado\defaultimpl\pipelinestages</Filter>
    </ClInclude>
    <ClInclude Include="include\render\FBOManager.h">
      <Filter>Archivos de encabezado\render</Filter>
    </ClInclude>
    <ClInclude Include="include\defaultimpl\components\UserScript.h">
      <Filter>Archivos de encabezado\defaultimpl\components</Filter>
    </ClInclude>
    <ClInclude Include="include\render\renderstages\DeferredRenderStage.h">
      <Filter>Archivos de encabezado\render\renderstages</Filter>
    </ClInclude>
    <ClInclude Include="include\defaultimpl\shaders\DeferredShadingProgram.h">
      <Filter>Archivos de encabezado\defaultimpl\shaders</Filter>
    </ClInclude>
    <ClInclude Include="include\defaultimpl\shaders\BloomProgram.h">
      <Filter>Archivos de encabezado\defaultimpl\shaders</Filter>
    </ClInclude>
    <ClInclude Include="include\defaultimpl\shaders\HDRProgram.h">
      <Filter>Archivos de encabezado\defaultimpl\shaders</Filter>
    </ClInclude>
    <ClInclude Include="include\render\renderstages\PipelineOutputStage.h">
      <Filter>Archivos de encabezado\render\renderstages</Filter>
    </ClInclude>
    <ClInclude Include="include\defaultimpl\shaders\OutputProgram.h">
      <Filter>Archivos de encabezado\defaultimpl\shaders</Filter>
    </ClInclude>
    <ClInclude Include="include\render\renderstages\PickingRenderStage.h">
      <Filter>Archivos de encabezado\render\renderstages</Filter>
    </ClInclude>
    <ClInclude Include="include\defaultimpl\shaders\PickingProgram.h">
      <Filter>Archivos de encabezado\defaultimpl\shaders</Filter>
    </ClInclude>
    <ClInclude Include="include\defaultimpl\components\CameraController.h">
      <Filter>Archivos de encabezado\defaultimpl\components</Filter>
    </ClInclude>
    <ClInclude Include="include\defaultimpl\ubermaskfactories\StandardUberFactory.h">
      <Filter>Archivos de encabezado\defaultimpl\ubermaskfactories</Filter>
    </ClInclude>
    <ClInclude Include="include\util\MathUtil.h">
      <Filter>Archivos de encabezado\util</Filter>
    </ClInclude>
    <ClInclude Include="include\defaultimpl\shaders\PickArrowProgram.h">
      <Filter>Archivos de encabezado\defaultimpl\shaders</Filter>
    </ClInclude>
    <ClInclude Include="include\render\PickManager.h">
      <Filter>Archivos de encabezado\render</Filter>
    </ClInclude>
    <ClInclude Include="include\defaultimpl\components\PickArrowMovement.h">
      <Filter>Archivos de encabezado\defaultimpl\components</Filter>
    </ClInclude>
    <ClInclude Include="include\tests\SimpleScene.h">
      <Filter>Archivos de encabezado\tests</Filter>
    </ClInclude>
    <ClInclude Include="include\tests\BoneFlower.h">
      <Filter>Archivos de encabezado\tests</Filter>
    </ClInclude>
    <ClInclude Include="include\tests\Nefertiti.h">
      <Filter>Archivos de encabezado\tests</Filter>
    </ClInclude>
    <ClInclude Include="include\tests\MultipleInstances.h">
      <Filter>Archivos de encabezado\tests</Filter>
    </ClInclude>
    <ClInclude Include="include\defaultimpl\shaders\DebugColorProgram.h">
      <Filter>Archivos de encabezado\defaultimpl\shaders</Filter>
    </ClInclude>
    <ClInclude Include="include\defaultimpl\shaders\DebugDepthProgram.h">
      <Filter>Archivos de encabezado\defaultimpl\shaders</Filter>
    </ClInclude>
    <ClInclude Include="include\defaultimpl\shaders\DebugNormalProgram.h">
      <Filter>Archivos de encabezado\defaultimpl\shaders</Filter>
    </ClInclude>
    <ClInclude Include="include\defaultimpl\shaders\DebugPositionProgram.h">
      <Filter>Archivos de encabezado\defaultimpl\shaders</Filter>
    </ClInclude>
    <ClInclude Include="include\tests\LegoPlane.h">
      <Filter>Archivos de encabezado\tests</Filter>
    </ClInclude>
    <ClInclude Include="include\tests\Gladiator.h">
      <Filter>Archivos de encabezado\tests</Filter>
    </ClInclude>
  </ItemGroup>
  <ItemGroup>
    <ClCompile Include="src\Component.cpp">
      <Filter>Archivos de origen</Filter>
    </ClCompile>
    <ClCompile Include="src\SceneObject.cpp">
      <Filter>Archivos de origen</Filter>
    </ClCompile>
    <ClCompile Include="src\Main.cpp">
      <Filter>Archivos de origen</Filter>
    </ClCompile>
    <ClCompile Include="src\Transform.cpp">
      <Filter>Archivos de origen</Filter>
    </ClCompile>
    <ClCompile Include="src\Scene.cpp">
      <Filter>Archivos de origen</Filter>
    </ClCompile>
    <ClCompile Include="src\pipeline\Pipeline.cpp">
      <Filter>Archivos de origen\pipeline</Filter>
    </ClCompile>
    <ClCompile Include="src\pipeline\PipelineStage.cpp">
      <Filter>Archivos de origen\pipeline</Filter>
    </ClCompile>
    <ClCompile Include="src\CPU\memory\MemoryPool.cpp">
      <Filter>Archivos de origen\CPU\memory</Filter>
    </ClCompile>
    <ClCompile Include="src\CPU\memory\MemoryUtil.cpp">
      <Filter>Archivos de origen\CPU\memory</Filter>
    </ClCompile>
    <ClCompile Include="src\pipeline\PipelineBroker.cpp">
      <Filter>Archivos de origen\pipeline</Filter>
    </ClCompile>
    <ClCompile Include="src\EngineInstance.cpp">
      <Filter>Archivos de origen</Filter>
    </ClCompile>
    <ClCompile Include="src\pipeline\PipelineManager.cpp">
      <Filter>Archivos de origen\pipeline</Filter>
    </ClCompile>
    <ClCompile Include="src\SceneManager.cpp">
      <Filter>Archivos de origen</Filter>
    </ClCompile>
    <ClCompile Include="src\CPU\mesh\Mesh.cpp">
      <Filter>Archivos de origen\CPU\mesh</Filter>
    </ClCompile>
    <ClCompile Include="src\CPU\mesh\MeshManager.cpp">
      <Filter>Archivos de origen\CPU\mesh</Filter>
    </ClCompile>
    <ClCompile Include="src\CPU\mesh\MeshUtil.cpp">
      <Filter>Archivos de origen\CPU\mesh</Filter>
    </ClCompile>
    <ClCompile Include="src\CPU\memory\MemoryManager.cpp">
      <Filter>Archivos de origen\CPU\memory</Filter>
    </ClCompile>
    <ClCompile Include="src\CPU\io\FileManager.cpp">
      <Filter>Archivos de origen\CPU\io</Filter>
    </ClCompile>
    <ClCompile Include="src\CPU\io\FileLoader.cpp">
      <Filter>Archivos de origen\CPU\io</Filter>
    </ClCompile>
    <ClCompile Include="src\CPU\mesh\MeshLoadResult.cpp">
      <Filter>Archivos de origen\CPU\mesh</Filter>
    </ClCompile>
    <ClCompile Include="src\util\StringUtils.cpp">
      <Filter>Archivos de origen\util</Filter>
    </ClCompile>
    <ClCompile Include="src\CPU\mesh\MeshBlockConfiguration.cpp">
      <Filter>Archivos de origen\CPU\mesh</Filter>
    </ClCompile>
    <ClCompile Include="src\GPU\mesh\GPUMesh.cpp">
      <Filter>Archivos de origen\GPU\mesh</Filter>
    </ClCompile>
    <ClCompile Include="src\GPU\mesh\GPUMeshManager.cpp">
      <Filter>Archivos de origen\GPU\mesh</Filter>
    </ClCompile>
    <ClCompile Include="src\logger\Log.cpp">
      <Filter>Archivos de origen\logger</Filter>
    </ClCompile>
    <ClCompile Include="src\logger\AbstractLogger.cpp">
      <Filter>Archivos de origen\logger</Filter>
    </ClCompile>
    <ClCompile Include="src\EngineException.cpp">
      <Filter>Archivos de origen</Filter>
    </ClCompile>
    <ClCompile Include="src\inputhandlers\InputManager.cpp">
      <Filter>Archivos de origen\inputhandlers</Filter>
    </ClCompile>
    <ClCompile Include="src\graphics\ContextManager.cpp">
      <Filter>Archivos de origen\graphics</Filter>
    </ClCompile>
    <ClCompile Include="src\Camera.cpp">
      <Filter>Archivos de origen</Filter>
    </ClCompile>
    <ClCompile Include="src\graphics\WindowHandler.cpp">
      <Filter>Archivos de origen\graphics</Filter>
    </ClCompile>
    <ClCompile Include="src\InstanceManager.cpp">
      <Filter>Archivos de origen</Filter>
    </ClCompile>
    <ClCompile Include="src\Initialization.cpp">
      <Filter>Archivos de origen</Filter>
    </ClCompile>
    <ClCompile Include="src\render\AbstractRenderingStage.cpp">
      <Filter>Archivos de origen\render</Filter>
    </ClCompile>
    <ClCompile Include="src\render\RenderingPipeline.cpp">
      <Filter>Archivos de origen\render</Filter>
    </ClCompile>
    <ClCompile Include="src\render\renderstages\ForwardRenderStage.cpp">
      <Filter>Archivos de origen\render\renderstages</Filter>
    </ClCompile>
    <ClCompile Include="src\GPU\mesh\GPUBuffer.cpp">
      <Filter>Archivos de origen\GPU\mesh</Filter>
    </ClCompile>
    <ClCompile Include="src\GPU\program\Program.cpp">
      <Filter>Archivos de origen\GPU\program</Filter>
    </ClCompile>
    <ClCompile Include="src\GPU\program\ProgramManager.cpp">
      <Filter>Archivos de origen\GPU\program</Filter>
    </ClCompile>
    <ClCompile Include="src\GPU\program\ComputeProgram.cpp">
      <Filter>Archivos de origen\GPU\program</Filter>
    </ClCompile>
    <ClCompile Include="src\GPU\program\ShaderProgram.cpp">
      <Filter>Archivos de origen\GPU\program</Filter>
    </ClCompile>
    <ClCompile Include="src\defaultimpl\components\MeshFilter.cpp">
      <Filter>Archivos de origen\defaultimpl\components</Filter>
    </ClCompile>
    <ClCompile Include="src\defaultimpl\components\MeshRenderer.cpp">
      <Filter>Archivos de origen\defaultimpl\components</Filter>
    </ClCompile>
    <ClCompile Include="src\defaultimpl\fileloaders\AssimpFileLoader.cpp">
      <Filter>Archivos de origen\defaultimpl\fileloaders</Filter>
    </ClCompile>
    <ClCompile Include="src\defaultimpl\fileloaders\ShaderLoader.cpp">
      <Filter>Archivos de origen\defaultimpl\fileloaders</Filter>
    </ClCompile>
    <ClCompile Include="src\defaultimpl\loggers\BufferedFileLogger.cpp">
      <Filter>Archivos de origen\defaultimpl\loggers</Filter>
    </ClCompile>
    <ClCompile Include="src\defaultimpl\loggers\ConsoleLogger.cpp">
      <Filter>Archivos de origen\defaultimpl\loggers</Filter>
    </ClCompile>
    <ClCompile Include="src\defaultimpl\loggers\FileLogger.cpp">
      <Filter>Archivos de origen\defaultimpl\loggers</Filter>
    </ClCompile>
    <ClCompile Include="src\defaultimpl\meshblockconfigurators\CompactMeshBuilder.cpp">
      <Filter>Archivos de origen\defaultimpl\meshblockconfigurators</Filter>
    </ClCompile>
    <ClCompile Include="src\defaultimpl\meshblockconfigurators\InterleavedMeshBuilder.cpp">
      <Filter>Archivos de origen\defaultimpl\meshblockconfigurators</Filter>
    </ClCompile>
    <ClCompile Include="src\defaultimpl\pipelinestages\ComponentRegisterStage.cpp">
      <Filter>Archivos de origen\defaultimpl\pipelinestages</Filter>
    </ClCompile>
    <ClCompile Include="src\defaultimpl\pipelinestages\CPUToGPUMeshSyncStage.cpp">
      <Filter>Archivos de origen\defaultimpl\pipelinestages</Filter>
    </ClCompile>
    <ClCompile Include="src\defaultimpl\pipelinestages\GPUToCPUMeshSyncStage.cpp">
      <Filter>Archivos de origen\defaultimpl\pipelinestages</Filter>
    </ClCompile>
    <ClCompile Include="src\defaultimpl\windowhandlers\GLFWWindowHandler.cpp">
      <Filter>Archivos de origen\defaultimpl\windowhandlers</Filter>
    </ClCompile>
    <ClCompile Include="src\defaultimpl\pipelinestages\RenderStage.cpp">
      <Filter>Archivos de origen\defaultimpl\pipelinestages</Filter>
    </ClCompile>
    <ClCompile Include="src\GPU\program\ShaderLoadResult.cpp">
      <Filter>Archivos de origen\GPU\program</Filter>
    </ClCompile>
    <ClCompile Include="src\defaultimpl\pipelinestages\IterationEndStage.cpp">
      <Filter>Archivos de origen\defaultimpl\pipelinestages</Filter>
    </ClCompile>
    <ClCompile Include="src\GPU\program\PostProcessProgram.cpp">
      <Filter>Archivos de origen\GPU\program</Filter>
    </ClCompile>
    <ClCompile Include="src\defaultimpl\shaders\StandardProgram.cpp">
      <Filter>Archivos de origen\defaultimpl\shaders</Filter>
    </ClCompile>
    <ClCompile Include="src\pipeline\Threadpool.cpp">
      <Filter>Archivos de origen\pipeline</Filter>
    </ClCompile>
    <ClCompile Include="src\defaultimpl\pipelinestages\TransformUpdateStage.cpp">
      <Filter>Archivos de origen\defaultimpl\pipelinestages</Filter>
    </ClCompile>
    <ClCompile Include="src\defaultimpl\components\ObjectSpinner.cpp">
      <Filter>Archivos de origen\defaultimpl\components</Filter>
    </ClCompile>
    <ClCompile Include="src\EngineTime.cpp">
      <Filter>Archivos de origen</Filter>
    </ClCompile>
    <ClCompile Include="src\render\FBO.cpp">
      <Filter>Archivos de origen\render</Filter>
    </ClCompile>
    <ClCompile Include="src\GPU\texture\GPUTexture.cpp">
      <Filter>Archivos de origen\GPU\texture</Filter>
    </ClCompile>
    <ClCompile Include="src\GPU\texture\GPUTexture2D.cpp">
      <Filter>Archivos de origen\GPU\texture</Filter>
    </ClCompile>
    <ClCompile Include="src\GPU\texture\GPUTextureManager.cpp">
      <Filter>Archivos de origen\GPU\texture</Filter>
    </ClCompile>
    <ClCompile Include="src\GPU\texture\GPUTexture1D.cpp">
      <Filter>Archivos de origen\GPU\texture</Filter>
    </ClCompile>
    <ClCompile Include="src\GPU\texture\GPUTexture3D.cpp">
      <Filter>Archivos de origen\GPU\texture</Filter>
    </ClCompile>
    <ClCompile Include="src\CPU\texture\Texture.cpp">
      <Filter>Archivos de origen\CPU\texture</Filter>
    </ClCompile>
    <ClCompile Include="src\CPU\texture\TextureManager.cpp">
      <Filter>Archivos de origen\CPU\texture</Filter>
    </ClCompile>
    <ClCompile Include="src\defaultimpl\textureblockconfigurators\CompactTextureBuilder.cpp">
      <Filter>Archivos de origen\defaultimpl\textureblockconfigurators</Filter>
    </ClCompile>
    <ClCompile Include="src\CPU\texture\TextureBlockConfiguration.cpp">
      <Filter>Archivos de origen\CPU\texture</Filter>
    </ClCompile>
    <ClCompile Include="src\CPU\texture\TextureLoadResult.cpp">
      <Filter>Archivos de origen\CPU\texture</Filter>
    </ClCompile>
    <ClCompile Include="src\defaultimpl\fileloaders\ImageLoader.cpp">
      <Filter>Archivos de origen\defaultimpl\fileloaders</Filter>
    </ClCompile>
    <ClCompile Include="src\material\Material.cpp">
      <Filter>Archivos de origen\material</Filter>
    </ClCompile>
    <ClCompile Include="src\material\MaterialManager.cpp">
      <Filter>Archivos de origen\material</Filter>
    </ClCompile>
    <ClCompile Include="src\defaultimpl\pipelinestages\CPUToGPUTextureSyncStage.cpp">
      <Filter>Archivos de origen\defaultimpl\pipelinestages</Filter>
    </ClCompile>
    <ClCompile Include="src\defaultimpl\pipelinestages\ShaderCompilationStage.cpp">
      <Filter>Archivos de origen\defaultimpl\pipelinestages</Filter>
    </ClCompile>
    <ClCompile Include="src\GPU\program\UberMaskFactory.cpp">
      <Filter>Archivos de origen\GPU\program</Filter>
    </ClCompile>
    <ClCompile Include="src\GPU\program\UberFactoryManager.cpp">
      <Filter>Archivos de origen\GPU\program</Filter>
    </ClCompile>
    <ClCompile Include="src\render\RenderableMap.cpp">
      <Filter>Archivos de origen\render</Filter>
    </ClCompile>
    <ClCompile Include="src\CPU\texture\blendoperations\BlendAdd.cpp">
      <Filter>Archivos de origen\CPU\texture\blendoperations</Filter>
    </ClCompile>
    <ClCompile Include="src\CPU\texture\blendoperations\BlendDivide.cpp">
      <Filter>Archivos de origen\CPU\texture\blendoperations</Filter>
    </ClCompile>
    <ClCompile Include="src\CPU\texture\blendoperations\BlendMultiply.cpp">
      <Filter>Archivos de origen\CPU\texture\blendoperations</Filter>
    </ClCompile>
    <ClCompile Include="src\CPU\texture\blendoperations\BlendSignedAdd.cpp">
      <Filter>Archivos de origen\CPU\texture\blendoperations</Filter>
    </ClCompile>
    <ClCompile Include="src\CPU\texture\blendoperations\BlendSmoothAdd.cpp">
      <Filter>Archivos de origen\CPU\texture\blendoperations</Filter>
    </ClCompile>
    <ClCompile Include="src\CPU\texture\blendoperations\BlendSub.cpp">
      <Filter>Archivos de origen\CPU\texture\blendoperations</Filter>
    </ClCompile>
    <ClCompile Include="src\lights\DirectionalLight.cpp">
      <Filter>Archivos de origen\lights</Filter>
    </ClCompile>
    <ClCompile Include="src\lights\Light.cpp">
      <Filter>Archivos de origen\lights</Filter>
    </ClCompile>
    <ClCompile Include="src\lights\PointLight.cpp">
      <Filter>Archivos de origen\lights</Filter>
    </ClCompile>
    <ClCompile Include="src\lights\SpotLight.cpp">
      <Filter>Archivos de origen\lights</Filter>
    </ClCompile>
    <ClCompile Include="src\GPU\light\LightBuffer.cpp">
      <Filter>Archivos de origen\GPU\light</Filter>
    </ClCompile>
    <ClCompile Include="src\GPU\light\LightManager.cpp">
      <Filter>Archivos de origen\GPU\light</Filter>
    </ClCompile>
    <ClCompile Include="src\defaultimpl\pipelinestages\LightSyncStage.cpp">
      <Filter>Archivos de origen\defaultimpl\pipelinestages</Filter>
    </ClCompile>
    <ClCompile Include="src\render\FBOManager.cpp">
      <Filter>Archivos de origen\render</Filter>
    </ClCompile>
    <ClCompile Include="src\defaultimpl\components\UserScript.cpp">
      <Filter>Archivos de origen\defaultimpl\components</Filter>
    </ClCompile>
    <ClCompile Include="src\render\renderstages\DeferredRenderStage.cpp">
      <Filter>Archivos de origen\render\renderstages</Filter>
    </ClCompile>
    <ClCompile Include="src\defaultimpl\shaders\DeferredShadingProgram.cpp">
      <Filter>Archivos de origen\defaultimpl\shaders</Filter>
    </ClCompile>
    <ClCompile Include="src\defaultimpl\shaders\BloomProgram.cpp">
      <Filter>Archivos de origen\defaultimpl\shaders</Filter>
    </ClCompile>
    <ClCompile Include="src\defaultimpl\shaders\HDRProgram.cpp">
      <Filter>Archivos de origen\defaultimpl\shaders</Filter>
    </ClCompile>
    <ClCompile Include="src\render\renderstages\PipelineOutputStage.cpp">
      <Filter>Archivos de origen\render\renderstages</Filter>
    </ClCompile>
    <ClCompile Include="src\defaultimpl\shaders\OutputProgram.cpp">
      <Filter>Archivos de origen\defaultimpl\shaders</Filter>
    </ClCompile>
    <ClCompile Include="src\render\renderstages\PickingRenderStage.cpp">
      <Filter>Archivos de origen\render\renderstages</Filter>
    </ClCompile>
    <ClCompile Include="src\defaultimpl\shaders\PickingProgram.cpp">
      <Filter>Archivos de origen\defaultimpl\shaders</Filter>
    </ClCompile>
    <ClCompile Include="src\defaultimpl\components\CameraController.cpp">
      <Filter>Archivos de origen\defaultimpl\components</Filter>
    </ClCompile>
    <ClCompile Include="src\defaultimpl\ubermaskfactories\StandardUberFactory.cpp">
      <Filter>Archivos de origen\defaultimpl\ubermaskfactories</Filter>
    </ClCompile>
    <ClCompile Include="src\util\MathUtil.cpp">
      <Filter>Archivos de origen\util</Filter>
    </ClCompile>
    <ClCompile Include="src\defaultimpl\shaders\PickArrowProgram.cpp">
      <Filter>Archivos de origen\defaultimpl\shaders</Filter>
    </ClCompile>
    <ClCompile Include="src\render\PickManager.cpp">
      <Filter>Archivos de origen\render</Filter>
    </ClCompile>
    <ClCompile Include="src\defaultimpl\components\PickArrowMovement.cpp">
      <Filter>Archivos de origen\defaultimpl\components</Filter>
    </ClCompile>
    <ClCompile Include="src\tests\SimpleScene.cpp">
      <Filter>Archivos de origen\tests</Filter>
    </ClCompile>
    <ClCompile Include="src\tests\BoneFlower.cpp">
      <Filter>Archivos de origen\tests</Filter>
    </ClCompile>
    <ClCompile Include="src\tests\Nefertiti.cpp">
      <Filter>Archivos de origen\tests</Filter>
    </ClCompile>
    <ClCompile Include="src\tests\MultipleInstances.cpp">
      <Filter>Archivos de origen\tests</Filter>
    </ClCompile>
    <ClCompile Include="src\defaultimpl\shaders\DebugColorProgram.cpp">
      <Filter>Archivos de origen\defaultimpl\shaders</Filter>
    </ClCompile>
    <ClCompile Include="src\defaultimpl\shaders\DebugDepthProgram.cpp">
      <Filter>Archivos de origen\defaultimpl\shaders</Filter>
    </ClCompile>
    <ClCompile Include="src\defaultimpl\shaders\DebugNormalProgram.cpp">
      <Filter>Archivos de origen\defaultimpl\shaders</Filter>
    </ClCompile>
    <ClCompile Include="src\defaultimpl\shaders\DebugPositionProgram.cpp">
      <Filter>Archivos de origen\defaultimpl\shaders</Filter>
    </ClCompile>
    <ClCompile Include="src\tests\LegoPlane.cpp">
      <Filter>Archivos de origen\tests</Filter>
    </ClCompile>
    <ClCompile Include="src\tests\Gladiator.cpp">
      <Filter>Archivos de origen\tests</Filter>
    </ClCompile>
  </ItemGroup>
  <ItemGroup>
    <None Include="shaders\default\standardprogram.frag">
      <Filter>shaders\default</Filter>
    </None>
    <None Include="shaders\default\standardprogram.vert">
      <Filter>shaders\default</Filter>
    </None>
    <None Include="shaders\default\postprocess.vert">
      <Filter>shaders\default</Filter>
    </None>
    <None Include="shaders\default\deferredshading.frag">
      <Filter>shaders\default</Filter>
    </None>
    <None Include="shaders\api\defaultlighting.glsl">
      <Filter>shaders\api</Filter>
    </None>
    <None Include="shaders\default\postprocess\bloom.frag">
      <Filter>shaders\default\postprocess</Filter>
    </None>
    <None Include="shaders\default\postprocess\hdr.frag">
      <Filter>shaders\default\postprocess</Filter>
    </None>
    <None Include="shaders\default\picking.frag">
      <Filter>shaders\default</Filter>
    </None>
    <None Include="shaders\default\picking.vert">
      <Filter>shaders\default</Filter>
    </None>
    <None Include="shaders\api\defaultmaterial.glsl">
      <Filter>shaders\api</Filter>
    </None>
    <None Include="shaders\api\meshinputs.glsl">
      <Filter>shaders\api</Filter>
    </None>
    <None Include="shaders\api\meshoutputs.glsl">
      <Filter>shaders\api</Filter>
    </None>
    <None Include="shaders\api\transform.glsl">
      <Filter>shaders\api</Filter>
    </None>
    <None Include="shaders\api\shadingutils.glsl">
      <Filter>shaders\api</Filter>
    </None>
    <None Include="shaders\default\pickarrow.frag">
      <Filter>shaders\default</Filter>
    </None>
    <None Include="shaders\default\pickarrow.vert">
      <Filter>shaders\default</Filter>
    </None>
    <None Include="shaders\default\postprocess\debugcolor.frag">
      <Filter>shaders\default\postprocess</Filter>
    </None>
    <None Include="shaders\default\postprocess\debugdepth.frag">
      <Filter>shaders\default\postprocess</Filter>
    </None>
    <None Include="shaders\default\postprocess\debugnormal.frag">
      <Filter>shaders\default\postprocess</Filter>
    </None>
    <None Include="shaders\default\postprocess\debugpos.frag">
      <Filter>shaders\default\postprocess</Filter>
    </None>
  </ItemGroup>
</Project>